
Microsoft Visual Studio Solution File, Format Version 12.00
# Visual Studio Version 17
VisualStudioVersion = 17.5.002.0
MinimumVisualStudioVersion = 10.0.40219.1
Project("{9A19103F-16F7-4668-BE54-9A1E7A4F7556}") = "DesafioPOO", "DesafioPOO.csproj", "{4931E9A3-E234-4200-9BE2-7EE9864AF062}"
EndProject
Global
	GlobalSection(SolutionConfigurationPlatforms) = preSolution
		Debug|Any CPU = Debug|Any CPU
		Release|Any CPU = Release|Any CPU
	EndGlobalSection
	GlobalSection(ProjectConfigurationPlatforms) = postSolution
		{4931E9A3-E234-4200-9BE2-7EE9864AF062}.Debug|Any CPU.ActiveCfg = Debug|Any CPU
		{4931E9A3-E234-4200-9BE2-7EE9864AF062}.Debug|Any CPU.Build.0 = Debug|Any CPU
		{4931E9A3-E234-4200-9BE2-7EE9864AF062}.Release|Any CPU.ActiveCfg = Release|Any CPU
		{4931E9A3-E234-4200-9BE2-7EE9864AF062}.Release|Any CPU.Build.0 = Release|Any CPU
	EndGlobalSection
	GlobalSection(SolutionProperties) = preSolution
		HideSolutionNode = FALSE
	EndGlobalSection
	GlobalSection(ExtensibilityGlobals) = postSolution
		SolutionGuid = {C39D4924-5359-4788-AB1E-ED294F3A88BD}
	EndGlobalSection
EndGlobal
